
Microsoft Visual Studio Solution File, Format Version 12.00
# Visual Studio Version 16
VisualStudioVersion = 16.0.31424.327
MinimumVisualStudioVersion = 10.0.40219.1
Project("{FAE04EC0-301F-11D3-BF4B-00C04F79EFBC}") = "Lesson 10.2", "Lesson 10.2\Lesson 10.2.csproj", "{9CFEA379-07BA-4296-B917-2241CBA91FC5}"
EndProject
Global
	GlobalSection(SolutionConfigurationPlatforms) = preSolution
		Debug|Any CPU = Debug|Any CPU
		Release|Any CPU = Release|Any CPU
	EndGlobalSection
	GlobalSection(ProjectConfigurationPlatforms) = postSolution
		{9CFEA379-07BA-4296-B917-2241CBA91FC5}.Debug|Any CPU.ActiveCfg = Debug|Any CPU
		{9CFEA379-07BA-4296-B917-2241CBA91FC5}.Debug|Any CPU.Build.0 = Debug|Any CPU
		{9CFEA379-07BA-4296-B917-2241CBA91FC5}.Release|Any CPU.ActiveCfg = Release|Any CPU
		{9CFEA379-07BA-4296-B917-2241CBA91FC5}.Release|Any CPU.Build.0 = Release|Any CPU
	EndGlobalSection
	GlobalSection(SolutionProperties) = preSolution
		HideSolutionNode = FALSE
	EndGlobalSection
	GlobalSection(ExtensibilityGlobals) = postSolution
		SolutionGuid = {270744C6-19C0-4A6D-BE39-074C7A1FC3AA}
	EndGlobalSection
EndGlobal
